
Microsoft Visual Studio Solution File, Format Version 12.00
# Visual Studio Version 16
VisualStudioVersion = 16.0.29613.14
MinimumVisualStudioVersion = 10.0.40219.1
Project("{9A19103F-16F7-4668-BE54-9A1E7A4F7556}") = "PacsExplorer", "PacsExplorer\PacsExplorer.csproj", "{9653430D-54E0-4DDA-8AC3-24848C0B832F}"
EndProject
Project("{9A19103F-16F7-4668-BE54-9A1E7A4F7556}") = "DicomScu", "DicomScu\DicomScu.csproj", "{CFCD6D6E-414A-4565-9A95-98C7F728A894}"
EndProject
Project("{FAE04EC0-301F-11D3-BF4B-00C04F79EFBC}") = "PacsGateway", "PacsGateway\PacsGateway.csproj", "{B322DD09-D233-446F-8DE0-2286E4B8146D}"
EndProject
Global
	GlobalSection(SolutionConfigurationPlatforms) = preSolution
		Debug|Any CPU = Debug|Any CPU
		Release|Any CPU = Release|Any CPU
	EndGlobalSection
	GlobalSection(ProjectConfigurationPlatforms) = postSolution
		{9653430D-54E0-4DDA-8AC3-24848C0B832F}.Debug|Any CPU.ActiveCfg = Debug|Any CPU
		{9653430D-54E0-4DDA-8AC3-24848C0B832F}.Debug|Any CPU.Build.0 = Debug|Any CPU
		{9653430D-54E0-4DDA-8AC3-24848C0B832F}.Release|Any CPU.ActiveCfg = Release|Any CPU
		{9653430D-54E0-4DDA-8AC3-24848C0B832F}.Release|Any CPU.Build.0 = Release|Any CPU
		{CFCD6D6E-414A-4565-9A95-98C7F728A894}.Debug|Any CPU.ActiveCfg = Debug|Any CPU
		{CFCD6D6E-414A-4565-9A95-98C7F728A894}.Debug|Any CPU.Build.0 = Debug|Any CPU
		{CFCD6D6E-414A-4565-9A95-98C7F728A894}.Release|Any CPU.ActiveCfg = Release|Any CPU
		{CFCD6D6E-414A-4565-9A95-98C7F728A894}.Release|Any CPU.Build.0 = Release|Any CPU
		{B322DD09-D233-446F-8DE0-2286E4B8146D}.Debug|Any CPU.ActiveCfg = Debug|Any CPU
		{B322DD09-D233-446F-8DE0-2286E4B8146D}.Debug|Any CPU.Build.0 = Debug|Any CPU
		{B322DD09-D233-446F-8DE0-2286E4B8146D}.Release|Any CPU.ActiveCfg = Release|Any CPU
		{B322DD09-D233-446F-8DE0-2286E4B8146D}.Release|Any CPU.Build.0 = Release|Any CPU
	EndGlobalSection
	GlobalSection(SolutionProperties) = preSolution
		HideSolutionNode = FALSE
	EndGlobalSection
	GlobalSection(ExtensibilityGlobals) = postSolution
		SolutionGuid = {4E96D08B-2BDC-45A2-B63C-DD2156680502}
	EndGlobalSection
EndGlobal
